
Microsoft Visual Studio Solution File, Format Version 12.00
# Visual Studio Version 16
VisualStudioVersion = 16.0.31025.194
MinimumVisualStudioVersion = 10.0.40219.1
Project("{FAE04EC0-301F-11D3-BF4B-00C04F79EFBC}") = "AplikacjaBazyDanychv2", "AplikacjaBazyDanychv2\AplikacjaBazyDanychv2.csproj", "{4E84F095-4D5F-4F98-A592-CB1FEBBA1E57}"
EndProject
Global
	GlobalSection(SolutionConfigurationPlatforms) = preSolution
		Debug|Any CPU = Debug|Any CPU
		Release|Any CPU = Release|Any CPU
	EndGlobalSection
	GlobalSection(ProjectConfigurationPlatforms) = postSolution
		{4E84F095-4D5F-4F98-A592-CB1FEBBA1E57}.Debug|Any CPU.ActiveCfg = Debug|Any CPU
		{4E84F095-4D5F-4F98-A592-CB1FEBBA1E57}.Debug|Any CPU.Build.0 = Debug|Any CPU
		{4E84F095-4D5F-4F98-A592-CB1FEBBA1E57}.Release|Any CPU.ActiveCfg = Release|Any CPU
		{4E84F095-4D5F-4F98-A592-CB1FEBBA1E57}.Release|Any CPU.Build.0 = Release|Any CPU
	EndGlobalSection
	GlobalSection(SolutionProperties) = preSolution
		HideSolutionNode = FALSE
	EndGlobalSection
	GlobalSection(ExtensibilityGlobals) = postSolution
		SolutionGuid = {529EA968-F04D-49C7-888E-6439976C299D}
	EndGlobalSection
EndGlobal
